
Microsoft Visual Studio Solution File, Format Version 12.00
# Visual Studio Version 16
VisualStudioVersion = 16.0.30225.117
MinimumVisualStudioVersion = 10.0.40219.1
Project("{8BC9CEB8-8B4A-11D0-8D11-00A0C91BC942}") = "01_helloworld", "01_helloworld\01_helloworld.vcxproj", "{58F2D622-720E-4678-8628-CDFF66682B85}"
EndProject
Project("{8BC9CEB8-8B4A-11D0-8D11-00A0C91BC942}") = "02_string", "02_string\02_string.vcxproj", "{4D5E9D07-4F64-4C26-84E2-AFBF3A719D2B}"
EndProject
Project("{8BC9CEB8-8B4A-11D0-8D11-00A0C91BC942}") = "03_getchar", "03_getchar\03_getchar.vcxproj", "{5AF807DF-C257-4E35-BB4F-5DCEF6752410}"
EndProject
Project("{8BC9CEB8-8B4A-11D0-8D11-00A0C91BC942}") = "03_getch", "03_getch\03_getch.vcxproj", "{C5593CD3-CC13-4DE8-99B1-096990FF5155}"
EndProject
Project("{8BC9CEB8-8B4A-11D0-8D11-00A0C91BC942}") = "03_gets", "03_gets\03_gets.vcxproj", "{CA532316-F4D2-46D5-A050-5965E6646601}"
EndProject
Project("{8BC9CEB8-8B4A-11D0-8D11-00A0C91BC942}") = "03_floatformat", "03_floatformat\03_floatformat.vcxproj", "{F75C8135-A1E1-4556-A9AD-DDF175FAE29F}"
EndProject
Project("{8BC9CEB8-8B4A-11D0-8D11-00A0C91BC942}") = "essential_03_01", "exercise_03_01\exercise_03_01.vcxproj", "{46A63DB4-E7AB-4ED9-8369-43C3F171F666}"
EndProject
Project("{8BC9CEB8-8B4A-11D0-8D11-00A0C91BC942}") = "essential_04_01", "essential_04_01\essential_04_01.vcxproj", "{22A40B1F-2D79-4738-9DAE-31F047C438C9}"
EndProject
Project("{8BC9CEB8-8B4A-11D0-8D11-00A0C91BC942}") = "essential_04_02", "essential_04_02\essential_04_02.vcxproj", "{83173A98-2050-452B-A97F-A92B063B0562}"
EndProject
Project("{8BC9CEB8-8B4A-11D0-8D11-00A0C91BC942}") = "basic_opswap", "basic_opswap\basic_opswap.vcxproj", "{0015EEFF-4C0D-4E64-B186-126E3D545750}"
EndProject
Project("{8BC9CEB8-8B4A-11D0-8D11-00A0C91BC942}") = "basic_accumulate", "basic_accululate\basic_accululate.vcxproj", "{9F163833-1596-417E-8602-F8AD27E3FC11}"
EndProject
Project("{8BC9CEB8-8B4A-11D0-8D11-00A0C91BC942}") = "04_opbit", "04_opbit\04_opbit.vcxproj", "{2949F989-5540-4B9A-BEAD-4AA89BABFF76}"
EndProject
Project("{8BC9CEB8-8B4A-11D0-8D11-00A0C91BC942}") = "04_opmask", "04_obmask\04_obmask.vcxproj", "{D3B35388-382D-4618-9E5D-03F78CA93A7F}"
EndProject
Project("{8BC9CEB8-8B4A-11D0-8D11-00A0C91BC942}") = "essential_05_ex", "essential_05_01\essential_05_01.vcxproj", "{E23B15AF-DCC9-440A-9F6B-F09C49817672}"
EndProject
Project("{8BC9CEB8-8B4A-11D0-8D11-00A0C91BC942}") = "basic_passorfail", "basic_passorfail\basic_passorfail.vcxproj", "{74D2970A-AA01-45D5-AA50-4E5E2FD144FB}"
EndProject
Project("{8BC9CEB8-8B4A-11D0-8D11-00A0C91BC942}") = "basic_getmax", "basic_getmax\basic_getmax.vcxproj", "{73B06079-3EFE-4CDC-A20B-97102C56EEF6}"
EndProject
Project("{8BC9CEB8-8B4A-11D0-8D11-00A0C91BC942}") = "essential_05_01", "essential_01_01\essential_01_01.vcxproj", "{084A1426-5711-456F-A8CF-2804AC03B24D}"
EndProject
Project("{8BC9CEB8-8B4A-11D0-8D11-00A0C91BC942}") = "essential_06_01", "essential_06_01\essential_06_01.vcxproj", "{F28A19DF-58F7-44A5-B124-B6491704FD51}"
EndProject
Project("{8BC9CEB8-8B4A-11D0-8D11-00A0C91BC942}") = "essential_06_02", "essential_06_02\essential_06_02.vcxproj", "{F6949CD8-E913-4ABF-86F4-8EBE396BFCEB}"
EndProject
Project("{8BC9CEB8-8B4A-11D0-8D11-00A0C91BC942}") = "basic_binarrange", "basic_binarrange.c\basic_binarrange.c.vcxproj", "{091E7CAF-E7D5-4C39-A312-D236E7CF7161}"
EndProject
Project("{8BC9CEB8-8B4A-11D0-8D11-00A0C91BC942}") = "basic_steparrage", "basic_steparrage\basic_steparrage.vcxproj", "{6531497B-FCA2-430C-A73B-6EDE3617A019}"
EndProject
Project("{8BC9CEB8-8B4A-11D0-8D11-00A0C91BC942}") = "basic_iteration", "basic_iteration\basic_iteration.vcxproj", "{F6C0EAC6-BCC6-4534-86E1-FD76C4172973}"
EndProject
Project("{8BC9CEB8-8B4A-11D0-8D11-00A0C91BC942}") = "essential_07_01", "essential_07_01\essential_07_01.vcxproj", "{92331B96-8F81-49FF-97A8-B1DBD027423B}"
EndProject
Project("{8BC9CEB8-8B4A-11D0-8D11-00A0C91BC942}") = "essential_07_02", "essential_07_02\essential_07_02.vcxproj", "{20C3D57F-2573-410E-8F9B-1BDEBA1298AA}"
EndProject
Project("{8BC9CEB8-8B4A-11D0-8D11-00A0C91BC942}") = "essential_07_05", "essential_07_05\essential_07_05.vcxproj", "{55C3507D-29F2-4517-90AE-A9BB21BDC55B}"
EndProject
Project("{8BC9CEB8-8B4A-11D0-8D11-00A0C91BC942}") = "essential_07_06", "essential_07_06\essential_07_06.vcxproj", "{92B1F868-D6F4-4BA6-94C2-F301592F830E}"
EndProject
Project("{8BC9CEB8-8B4A-11D0-8D11-00A0C91BC942}") = "essential_07_07", "essential_07_07\essential_07_07.vcxproj", "{4A4B9470-0D0F-4627-A881-B95BC78262C6}"
EndProject
Project("{8BC9CEB8-8B4A-11D0-8D11-00A0C91BC942}") = "exercise_07_01", "exercise_07_01\exercise_07_01.vcxproj", "{67E74F5B-351B-41A6-BBDE-C55CD8A07B93}"
EndProject
Project("{8BC9CEB8-8B4A-11D0-8D11-00A0C91BC942}") = "exercise_07_02", "exercise_07_02\exercise_07_02.vcxproj", "{868F99F4-6CA1-414F-AE0F-0CF84289C43C}"
EndProject
Project("{8BC9CEB8-8B4A-11D0-8D11-00A0C91BC942}") = "exercise_07_04", "exercise_07_04\exercise_07_04.vcxproj", "{00017486-2126-468D-B0C1-28273F59A854}"
EndProject
Project("{8BC9CEB8-8B4A-11D0-8D11-00A0C91BC942}") = "essential_08_01", "essential_08_01\essential_08_01.vcxproj", "{F9D7EDE4-B08B-46F3-B408-767F9980E108}"
EndProject
Project("{8BC9CEB8-8B4A-11D0-8D11-00A0C91BC942}") = "essential_08_02", "essential_08_02\essential_08_02.vcxproj", "{BED9DF25-7DAE-4A9A-8B94-29F765EC995F}"
EndProject
Project("{8BC9CEB8-8B4A-11D0-8D11-00A0C91BC942}") = "08_arraystring", "08_arraystring\08_arraystring.vcxproj", "{AEC198AD-6E53-4F65-94AE-50080DB4CE75}"
EndProject
Project("{8BC9CEB8-8B4A-11D0-8D11-00A0C91BC942}") = "essential_08_03", "essential_08_03\essential_08_03.vcxproj", "{B99F1DD9-2E91-4F7F-9E20-2034424ECDD6}"
EndProject
Project("{8BC9CEB8-8B4A-11D0-8D11-00A0C91BC942}") = "exercise_08_01", "exercise_08_01\exercise_08_01.vcxproj", "{C6A9F4D0-D2DE-4B83-934A-83FE7773C70A}"
EndProject
Project("{8BC9CEB8-8B4A-11D0-8D11-00A0C91BC942}") = "exercise_08_02", "exercise_08_02\exercise_08_02.vcxproj", "{88964787-C5C5-40B7-9196-675A838F402C}"
EndProject
Project("{8BC9CEB8-8B4A-11D0-8D11-00A0C91BC942}") = "essential_09_01_bubbleselectionsort", "essential_09_01\essential_09_01.vcxproj", "{AC6BBF9E-AC90-40C7-96A2-92707EF4C7C1}"
EndProject
Project("{8BC9CEB8-8B4A-11D0-8D11-00A0C91BC942}") = "essential_09_02_bubblesort", "essential_09_02\essential_09_02.vcxproj", "{95B2F33A-5331-4929-83D3-F08D52B13D2F}"
EndProject
Project("{8BC9CEB8-8B4A-11D0-8D11-00A0C91BC942}") = "essential_09_03_selectionsort", "essential_09_03_selectionsort\essential_09_03_selectionsort.vcxproj", "{19F29983-4C21-48F0-8D37-6558DCAF26BD}"
EndProject
Project("{8BC9CEB8-8B4A-11D0-8D11-00A0C91BC942}") = "basic_arraycross01", "basic_arraycross01\basic_arraycross01.vcxproj", "{CF2A254C-AFCD-4F0A-B117-5233AD594D6A}"
EndProject
Project("{8BC9CEB8-8B4A-11D0-8D11-00A0C91BC942}") = "basic_arraycross04", "basic_arrayacross04\basic_arrayacross04.vcxproj", "{1DE4724D-0D16-41D4-9543-7413DFF08B29}"
EndProject
Project("{8BC9CEB8-8B4A-11D0-8D11-00A0C91BC942}") = "essential_09_04_snail", "essential_09_04_snail\essential_09_04_snail.vcxproj", "{37986510-C0E8-43EF-9BBC-2E6F94D63C8D}"
EndProject
Project("{8BC9CEB8-8B4A-11D0-8D11-00A0C91BC942}") = "essential_09_04_snail2", "essential_09_04_snail2\essential_09_04_snail2.vcxproj", "{A7505736-2DBC-44B8-8B66-505EC8397D40}"
EndProject
Project("{8BC9CEB8-8B4A-11D0-8D11-00A0C91BC942}") = "essential_09_arraylookup", "essential_09_arraylookup\essential_09_arraylookup.vcxproj", "{F2CD6B76-E140-4BEC-8F0C-A34A6C7FACC9}"
EndProject
Project("{8BC9CEB8-8B4A-11D0-8D11-00A0C91BC942}") = "exercise_09_01", "exercise_09_01\exercise_09_01.vcxproj", "{4C3E685D-1CD6-4D17-922E-BBA85EE3E3D5}"
EndProject
Project("{8BC9CEB8-8B4A-11D0-8D11-00A0C91BC942}") = "exercise_09_02", "exercise_09_02\exercise_09_02.vcxproj", "{AC62C754-C83C-4009-9AAA-2E355243FD59}"
EndProject
Global
	GlobalSection(SolutionConfigurationPlatforms) = preSolution
		Debug|x64 = Debug|x64
		Debug|x86 = Debug|x86
		Release|x64 = Release|x64
		Release|x86 = Release|x86
	EndGlobalSection
	GlobalSection(ProjectConfigurationPlatforms) = postSolution
		{58F2D622-720E-4678-8628-CDFF66682B85}.Debug|x64.ActiveCfg = Debug|x64
		{58F2D622-720E-4678-8628-CDFF66682B85}.Debug|x64.Build.0 = Debug|x64
		{58F2D622-720E-4678-8628-CDFF66682B85}.Debug|x86.ActiveCfg = Debug|Win32
		{58F2D622-720E-4678-8628-CDFF66682B85}.Debug|x86.Build.0 = Debug|Win32
		{58F2D622-720E-4678-8628-CDFF66682B85}.Release|x64.ActiveCfg = Release|x64
		{58F2D622-720E-4678-8628-CDFF66682B85}.Release|x64.Build.0 = Release|x64
		{58F2D622-720E-4678-8628-CDFF66682B85}.Release|x86.ActiveCfg = Release|Win32
		{58F2D622-720E-4678-8628-CDFF66682B85}.Release|x86.Build.0 = Release|Win32
		{4D5E9D07-4F64-4C26-84E2-AFBF3A719D2B}.Debug|x64.ActiveCfg = Debug|x64
		{4D5E9D07-4F64-4C26-84E2-AFBF3A719D2B}.Debug|x64.Build.0 = Debug|x64
		{4D5E9D07-4F64-4C26-84E2-AFBF3A719D2B}.Debug|x86.ActiveCfg = Debug|Win32
		{4D5E9D07-4F64-4C26-84E2-AFBF3A719D2B}.Debug|x86.Build.0 = Debug|Win32
		{4D5E9D07-4F64-4C26-84E2-AFBF3A719D2B}.Release|x64.ActiveCfg = Release|x64
		{4D5E9D07-4F64-4C26-84E2-AFBF3A719D2B}.Release|x64.Build.0 = Release|x64
		{4D5E9D07-4F64-4C26-84E2-AFBF3A719D2B}.Release|x86.ActiveCfg = Release|Win32
		{4D5E9D07-4F64-4C26-84E2-AFBF3A719D2B}.Release|x86.Build.0 = Release|Win32
		{5AF807DF-C257-4E35-BB4F-5DCEF6752410}.Debug|x64.ActiveCfg = Debug|x64
		{5AF807DF-C257-4E35-BB4F-5DCEF6752410}.Debug|x64.Build.0 = Debug|x64
		{5AF807DF-C257-4E35-BB4F-5DCEF6752410}.Debug|x86.ActiveCfg = Debug|Win32
		{5AF807DF-C257-4E35-BB4F-5DCEF6752410}.Debug|x86.Build.0 = Debug|Win32
		{5AF807DF-C257-4E35-BB4F-5DCEF6752410}.Release|x64.ActiveCfg = Release|x64
		{5AF807DF-C257-4E35-BB4F-5DCEF6752410}.Release|x64.Build.0 = Release|x64
		{5AF807DF-C257-4E35-BB4F-5DCEF6752410}.Release|x86.ActiveCfg = Release|Win32
		{5AF807DF-C257-4E35-BB4F-5DCEF6752410}.Release|x86.Build.0 = Release|Win32
		{C5593CD3-CC13-4DE8-99B1-096990FF5155}.Debug|x64.ActiveCfg = Debug|x64
		{C5593CD3-CC13-4DE8-99B1-096990FF5155}.Debug|x64.Build.0 = Debug|x64
		{C5593CD3-CC13-4DE8-99B1-096990FF5155}.Debug|x86.ActiveCfg = Debug|Win32
		{C5593CD3-CC13-4DE8-99B1-096990FF5155}.Debug|x86.Build.0 = Debug|Win32
		{C5593CD3-CC13-4DE8-99B1-096990FF5155}.Release|x64.ActiveCfg = Release|x64
		{C5593CD3-CC13-4DE8-99B1-096990FF5155}.Release|x64.Build.0 = Release|x64
		{C5593CD3-CC13-4DE8-99B1-096990FF5155}.Release|x86.ActiveCfg = Release|Win32
		{C5593CD3-CC13-4DE8-99B1-096990FF5155}.Release|x86.Build.0 = Release|Win32
		{CA532316-F4D2-46D5-A050-5965E6646601}.Debug|x64.ActiveCfg = Debug|x64
		{CA532316-F4D2-46D5-A050-5965E6646601}.Debug|x64.Build.0 = Debug|x64
		{CA532316-F4D2-46D5-A050-5965E6646601}.Debug|x86.ActiveCfg = Debug|Win32
		{CA532316-F4D2-46D5-A050-5965E6646601}.Debug|x86.Build.0 = Debug|Win32
		{CA532316-F4D2-46D5-A050-5965E6646601}.Release|x64.ActiveCfg = Release|x64
		{CA532316-F4D2-46D5-A050-5965E6646601}.Release|x64.Build.0 = Release|x64
		{CA532316-F4D2-46D5-A050-5965E6646601}.Release|x86.ActiveCfg = Release|Win32
		{CA532316-F4D2-46D5-A050-5965E6646601}.Release|x86.Build.0 = Release|Win32
		{F75C8135-A1E1-4556-A9AD-DDF175FAE29F}.Debug|x64.ActiveCfg = Debug|x64
		{F75C8135-A1E1-4556-A9AD-DDF175FAE29F}.Debug|x64.Build.0 = Debug|x64
		{F75C8135-A1E1-4556-A9AD-DDF175FAE29F}.Debug|x86.ActiveCfg = Debug|Win32
		{F75C8135-A1E1-4556-A9AD-DDF175FAE29F}.Debug|x86.Build.0 = Debug|Win32
		{F75C8135-A1E1-4556-A9AD-DDF175FAE29F}.Release|x64.ActiveCfg = Release|x64
		{F75C8135-A1E1-4556-A9AD-DDF175FAE29F}.Release|x64.Build.0 = Release|x64
		{F75C8135-A1E1-4556-A9AD-DDF175FAE29F}.Release|x86.ActiveCfg = Release|Win32
		{F75C8135-A1E1-4556-A9AD-DDF175FAE29F}.Release|x86.Build.0 = Release|Win32
		{46A63DB4-E7AB-4ED9-8369-43C3F171F666}.Debug|x64.ActiveCfg = Debug|x64
		{46A63DB4-E7AB-4ED9-8369-43C3F171F666}.Debug|x64.Build.0 = Debug|x64
		{46A63DB4-E7AB-4ED9-8369-43C3F171F666}.Debug|x86.ActiveCfg = Debug|Win32
		{46A63DB4-E7AB-4ED9-8369-43C3F171F666}.Debug|x86.Build.0 = Debug|Win32
		{46A63DB4-E7AB-4ED9-8369-43C3F171F666}.Release|x64.ActiveCfg = Release|x64
		{46A63DB4-E7AB-4ED9-8369-43C3F171F666}.Release|x64.Build.0 = Release|x64
		{46A63DB4-E7AB-4ED9-8369-43C3F171F666}.Release|x86.ActiveCfg = Release|Win32
		{46A63DB4-E7AB-4ED9-8369-43C3F171F666}.Release|x86.Build.0 = Release|Win32
		{22A40B1F-2D79-4738-9DAE-31F047C438C9}.Debug|x64.ActiveCfg = Debug|x64
		{22A40B1F-2D79-4738-9DAE-31F047C438C9}.Debug|x64.Build.0 = Debug|x64
		{22A40B1F-2D79-4738-9DAE-31F047C438C9}.Debug|x86.ActiveCfg = Debug|Win32
		{22A40B1F-2D79-4738-9DAE-31F047C438C9}.Debug|x86.Build.0 = Debug|Win32
		{22A40B1F-2D79-4738-9DAE-31F047C438C9}.Release|x64.ActiveCfg = Release|x64
		{22A40B1F-2D79-4738-9DAE-31F047C438C9}.Release|x64.Build.0 = Release|x64
		{22A40B1F-2D79-4738-9DAE-31F047C438C9}.Release|x86.ActiveCfg = Release|Win32
		{22A40B1F-2D79-4738-9DAE-31F047C438C9}.Release|x86.Build.0 = Release|Win32
		{83173A98-2050-452B-A97F-A92B063B0562}.Debug|x64.ActiveCfg = Debug|x64
		{83173A98-2050-452B-A97F-A92B063B0562}.Debug|x64.Build.0 = Debug|x64
		{83173A98-2050-452B-A97F-A92B063B0562}.Debug|x86.ActiveCfg = Debug|Win32
		{83173A98-2050-452B-A97F-A92B063B0562}.Debug|x86.Build.0 = Debug|Win32
		{83173A98-2050-452B-A97F-A92B063B0562}.Release|x64.ActiveCfg = Release|x64
		{83173A98-2050-452B-A97F-A92B063B0562}.Release|x64.Build.0 = Release|x64
		{83173A98-2050-452B-A97F-A92B063B0562}.Release|x86.ActiveCfg = Release|Win32
		{83173A98-2050-452B-A97F-A92B063B0562}.Release|x86.Build.0 = Release|Win32
		{0015EEFF-4C0D-4E64-B186-126E3D545750}.Debug|x64.ActiveCfg = Debug|x64
		{0015EEFF-4C0D-4E64-B186-126E3D545750}.Debug|x64.Build.0 = Debug|x64
		{0015EEFF-4C0D-4E64-B186-126E3D545750}.Debug|x86.ActiveCfg = Debug|Win32
		{0015EEFF-4C0D-4E64-B186-126E3D545750}.Debug|x86.Build.0 = Debug|Win32
		{0015EEFF-4C0D-4E64-B186-126E3D545750}.Release|x64.ActiveCfg = Release|x64
		{0015EEFF-4C0D-4E64-B186-126E3D545750}.Release|x64.Build.0 = Release|x64
		{0015EEFF-4C0D-4E64-B186-126E3D545750}.Release|x86.ActiveCfg = Release|Win32
		{0015EEFF-4C0D-4E64-B186-126E3D545750}.Release|x86.Build.0 = Release|Win32
		{9F163833-1596-417E-8602-F8AD27E3FC11}.Debug|x64.ActiveCfg = Debug|x64
		{9F163833-1596-417E-8602-F8AD27E3FC11}.Debug|x64.Build.0 = Debug|x64
		{9F163833-1596-417E-8602-F8AD27E3FC11}.Debug|x86.ActiveCfg = Debug|Win32
		{9F163833-1596-417E-8602-F8AD27E3FC11}.Debug|x86.Build.0 = Debug|Win32
		{9F163833-1596-417E-8602-F8AD27E3FC11}.Release|x64.ActiveCfg = Release|x64
		{9F163833-1596-417E-8602-F8AD27E3FC11}.Release|x64.Build.0 = Release|x64
		{9F163833-1596-417E-8602-F8AD27E3FC11}.Release|x86.ActiveCfg = Release|Win32
		{9F163833-1596-417E-8602-F8AD27E3FC11}.Release|x86.Build.0 = Release|Win32
		{2949F989-5540-4B9A-BEAD-4AA89BABFF76}.Debug|x64.ActiveCfg = Debug|x64
		{2949F989-5540-4B9A-BEAD-4AA89BABFF76}.Debug|x64.Build.0 = Debug|x64
		{2949F989-5540-4B9A-BEAD-4AA89BABFF76}.Debug|x86.ActiveCfg = Debug|Win32
		{2949F989-5540-4B9A-BEAD-4AA89BABFF76}.Debug|x86.Build.0 = Debug|Win32
		{2949F989-5540-4B9A-BEAD-4AA89BABFF76}.Release|x64.ActiveCfg = Release|x64
		{2949F989-5540-4B9A-BEAD-4AA89BABFF76}.Release|x64.Build.0 = Release|x64
		{2949F989-5540-4B9A-BEAD-4AA89BABFF76}.Release|x86.ActiveCfg = Release|Win32
		{2949F989-5540-4B9A-BEAD-4AA89BABFF76}.Release|x86.Build.0 = Release|Win32
		{D3B35388-382D-4618-9E5D-03F78CA93A7F}.Debug|x64.ActiveCfg = Debug|x64
		{D3B35388-382D-4618-9E5D-03F78CA93A7F}.Debug|x64.Build.0 = Debug|x64
		{D3B35388-382D-4618-9E5D-03F78CA93A7F}.Debug|x86.ActiveCfg = Debug|Win32
		{D3B35388-382D-4618-9E5D-03F78CA93A7F}.Debug|x86.Build.0 = Debug|Win32
		{D3B35388-382D-4618-9E5D-03F78CA93A7F}.Release|x64.ActiveCfg = Release|x64
		{D3B35388-382D-4618-9E5D-03F78CA93A7F}.Release|x64.Build.0 = Release|x64
		{D3B35388-382D-4618-9E5D-03F78CA93A7F}.Release|x86.ActiveCfg = Release|Win32
		{D3B35388-382D-4618-9E5D-03F78CA93A7F}.Release|x86.Build.0 = Release|Win32
		{E23B15AF-DCC9-440A-9F6B-F09C49817672}.Debug|x64.ActiveCfg = Debug|x64
		{E23B15AF-DCC9-440A-9F6B-F09C49817672}.Debug|x64.Build.0 = Debug|x64
		{E23B15AF-DCC9-440A-9F6B-F09C49817672}.Debug|x86.ActiveCfg = Debug|Win32
		{E23B15AF-DCC9-440A-9F6B-F09C49817672}.Debug|x86.Build.0 = Debug|Win32
		{E23B15AF-DCC9-440A-9F6B-F09C49817672}.Release|x64.ActiveCfg = Release|x64
		{E23B15AF-DCC9-440A-9F6B-F09C49817672}.Release|x64.Build.0 = Release|x64
		{E23B15AF-DCC9-440A-9F6B-F09C49817672}.Release|x86.ActiveCfg = Release|Win32
		{E23B15AF-DCC9-440A-9F6B-F09C49817672}.Release|x86.Build.0 = Release|Win32
		{74D2970A-AA01-45D5-AA50-4E5E2FD144FB}.Debug|x64.ActiveCfg = Debug|x64
		{74D2970A-AA01-45D5-AA50-4E5E2FD144FB}.Debug|x64.Build.0 = Debug|x64
		{74D2970A-AA01-45D5-AA50-4E5E2FD144FB}.Debug|x86.ActiveCfg = Debug|Win32
		{74D2970A-AA01-45D5-AA50-4E5E2FD144FB}.Debug|x86.Build.0 = Debug|Win32
		{74D2970A-AA01-45D5-AA50-4E5E2FD144FB}.Release|x64.ActiveCfg = Release|x64
		{74D2970A-AA01-45D5-AA50-4E5E2FD144FB}.Release|x64.Build.0 = Release|x64
		{74D2970A-AA01-45D5-AA50-4E5E2FD144FB}.Release|x86.ActiveCfg = Release|Win32
		{74D2970A-AA01-45D5-AA50-4E5E2FD144FB}.Release|x86.Build.0 = Release|Win32
		{73B06079-3EFE-4CDC-A20B-97102C56EEF6}.Debug|x64.ActiveCfg = Debug|x64
		{73B06079-3EFE-4CDC-A20B-97102C56EEF6}.Debug|x64.Build.0 = Debug|x64
		{73B06079-3EFE-4CDC-A20B-97102C56EEF6}.Debug|x86.ActiveCfg = Debug|Win32
		{73B06079-3EFE-4CDC-A20B-97102C56EEF6}.Debug|x86.Build.0 = Debug|Win32
		{73B06079-3EFE-4CDC-A20B-97102C56EEF6}.Release|x64.ActiveCfg = Release|x64
		{73B06079-3EFE-4CDC-A20B-97102C56EEF6}.Release|x64.Build.0 = Release|x64
		{73B06079-3EFE-4CDC-A20B-97102C56EEF6}.Release|x86.ActiveCfg = Release|Win32
		{73B06079-3EFE-4CDC-A20B-97102C56EEF6}.Release|x86.Build.0 = Release|Win32
		{084A1426-5711-456F-A8CF-2804AC03B24D}.Debug|x64.ActiveCfg = Debug|x64
		{084A1426-5711-456F-A8CF-2804AC03B24D}.Debug|x64.Build.0 = Debug|x64
		{084A1426-5711-456F-A8CF-2804AC03B24D}.Debug|x86.ActiveCfg = Debug|Win32
		{084A1426-5711-456F-A8CF-2804AC03B24D}.Debug|x86.Build.0 = Debug|Win32
		{084A1426-5711-456F-A8CF-2804AC03B24D}.Release|x64.ActiveCfg = Release|x64
		{084A1426-5711-456F-A8CF-2804AC03B24D}.Release|x64.Build.0 = Release|x64
		{084A1426-5711-456F-A8CF-2804AC03B24D}.Release|x86.ActiveCfg = Release|Win32
		{084A1426-5711-456F-A8CF-2804AC03B24D}.Release|x86.Build.0 = Release|Win32
		{F28A19DF-58F7-44A5-B124-B6491704FD51}.Debug|x64.ActiveCfg = Debug|x64
		{F28A19DF-58F7-44A5-B124-B6491704FD51}.Debug|x64.Build.0 = Debug|x64
		{F28A19DF-58F7-44A5-B124-B6491704FD51}.Debug|x86.ActiveCfg = Debug|Win32
		{F28A19DF-58F7-44A5-B124-B6491704FD51}.Debug|x86.Build.0 = Debug|Win32
		{F28A19DF-58F7-44A5-B124-B6491704FD51}.Release|x64.ActiveCfg = Release|x64
		{F28A19DF-58F7-44A5-B124-B6491704FD51}.Release|x64.Build.0 = Release|x64
		{F28A19DF-58F7-44A5-B124-B6491704FD51}.Release|x86.ActiveCfg = Release|Win32
		{F28A19DF-58F7-44A5-B124-B6491704FD51}.Release|x86.Build.0 = Release|Win32
		{F6949CD8-E913-4ABF-86F4-8EBE396BFCEB}.Debug|x64.ActiveCfg = Debug|x64
		{F6949CD8-E913-4ABF-86F4-8EBE396BFCEB}.Debug|x64.Build.0 = Debug|x64
		{F6949CD8-E913-4ABF-86F4-8EBE396BFCEB}.Debug|x86.ActiveCfg = Debug|Win32
		{F6949CD8-E913-4ABF-86F4-8EBE396BFCEB}.Debug|x86.Build.0 = Debug|Win32
		{F6949CD8-E913-4ABF-86F4-8EBE396BFCEB}.Release|x64.ActiveCfg = Release|x64
		{F6949CD8-E913-4ABF-86F4-8EBE396BFCEB}.Release|x64.Build.0 = Release|x64
		{F6949CD8-E913-4ABF-86F4-8EBE396BFCEB}.Release|x86.ActiveCfg = Release|Win32
		{F6949CD8-E913-4ABF-86F4-8EBE396BFCEB}.Release|x86.Build.0 = Release|Win32
		{091E7CAF-E7D5-4C39-A312-D236E7CF7161}.Debug|x64.ActiveCfg = Debug|x64
		{091E7CAF-E7D5-4C39-A312-D236E7CF7161}.Debug|x64.Build.0 = Debug|x64
		{091E7CAF-E7D5-4C39-A312-D236E7CF7161}.Debug|x86.ActiveCfg = Debug|Win32
		{091E7CAF-E7D5-4C39-A312-D236E7CF7161}.Debug|x86.Build.0 = Debug|Win32
		{091E7CAF-E7D5-4C39-A312-D236E7CF7161}.Release|x64.ActiveCfg = Release|x64
		{091E7CAF-E7D5-4C39-A312-D236E7CF7161}.Release|x64.Build.0 = Release|x64
		{091E7CAF-E7D5-4C39-A312-D236E7CF7161}.Release|x86.ActiveCfg = Release|Win32
		{091E7CAF-E7D5-4C39-A312-D236E7CF7161}.Release|x86.Build.0 = Release|Win32
		{6531497B-FCA2-430C-A73B-6EDE3617A019}.Debug|x64.ActiveCfg = Debug|x64
		{6531497B-FCA2-430C-A73B-6EDE3617A019}.Debug|x64.Build.0 = Debug|x64
		{6531497B-FCA2-430C-A73B-6EDE3617A019}.Debug|x86.ActiveCfg = Debug|Win32
		{6531497B-FCA2-430C-A73B-6EDE3617A019}.Debug|x86.Build.0 = Debug|Win32
		{6531497B-FCA2-430C-A73B-6EDE3617A019}.Release|x64.ActiveCfg = Release|x64
		{6531497B-FCA2-430C-A73B-6EDE3617A019}.Release|x64.Build.0 = Release|x64
		{6531497B-FCA2-430C-A73B-6EDE3617A019}.Release|x86.ActiveCfg = Release|Win32
		{6531497B-FCA2-430C-A73B-6EDE3617A019}.Release|x86.Build.0 = Release|Win32
		{F6C0EAC6-BCC6-4534-86E1-FD76C4172973}.Debug|x64.ActiveCfg = Debug|x64
		{F6C0EAC6-BCC6-4534-86E1-FD76C4172973}.Debug|x64.Build.0 = Debug|x64
		{F6C0EAC6-BCC6-4534-86E1-FD76C4172973}.Debug|x86.ActiveCfg = Debug|Win32
		{F6C0EAC6-BCC6-4534-86E1-FD76C4172973}.Debug|x86.Build.0 = Debug|Win32
		{F6C0EAC6-BCC6-4534-86E1-FD76C4172973}.Release|x64.ActiveCfg = Release|x64
		{F6C0EAC6-BCC6-4534-86E1-FD76C4172973}.Release|x64.Build.0 = Release|x64
		{F6C0EAC6-BCC6-4534-86E1-FD76C4172973}.Release|x86.ActiveCfg = Release|Win32
		{F6C0EAC6-BCC6-4534-86E1-FD76C4172973}.Release|x86.Build.0 = Release|Win32
		{92331B96-8F81-49FF-97A8-B1DBD027423B}.Debug|x64.ActiveCfg = Debug|x64
		{92331B96-8F81-49FF-97A8-B1DBD027423B}.Debug|x64.Build.0 = Debug|x64
		{92331B96-8F81-49FF-97A8-B1DBD027423B}.Debug|x86.ActiveCfg = Debug|Win32
		{92331B96-8F81-49FF-97A8-B1DBD027423B}.Debug|x86.Build.0 = Debug|Win32
		{92331B96-8F81-49FF-97A8-B1DBD027423B}.Release|x64.ActiveCfg = Release|x64
		{92331B96-8F81-49FF-97A8-B1DBD027423B}.Release|x64.Build.0 = Release|x64
		{92331B96-8F81-49FF-97A8-B1DBD027423B}.Release|x86.ActiveCfg = Release|Win32
		{92331B96-8F81-49FF-97A8-B1DBD027423B}.Release|x86.Build.0 = Release|Win32
		{20C3D57F-2573-410E-8F9B-1BDEBA1298AA}.Debug|x64.ActiveCfg = Debug|x64
		{20C3D57F-2573-410E-8F9B-1BDEBA1298AA}.Debug|x64.Build.0 = Debug|x64
		{20C3D57F-2573-410E-8F9B-1BDEBA1298AA}.Debug|x86.ActiveCfg = Debug|Win32
		{20C3D57F-2573-410E-8F9B-1BDEBA1298AA}.Debug|x86.Build.0 = Debug|Win32
		{20C3D57F-2573-410E-8F9B-1BDEBA1298AA}.Release|x64.ActiveCfg = Release|x64
		{20C3D57F-2573-410E-8F9B-1BDEBA1298AA}.Release|x64.Build.0 = Release|x64
		{20C3D57F-2573-410E-8F9B-1BDEBA1298AA}.Release|x86.ActiveCfg = Release|Win32
		{20C3D57F-2573-410E-8F9B-1BDEBA1298AA}.Release|x86.Build.0 = Release|Win32
		{55C3507D-29F2-4517-90AE-A9BB21BDC55B}.Debug|x64.ActiveCfg = Debug|x64
		{55C3507D-29F2-4517-90AE-A9BB21BDC55B}.Debug|x64.Build.0 = Debug|x64
		{55C3507D-29F2-4517-90AE-A9BB21BDC55B}.Debug|x86.ActiveCfg = Debug|Win32
		{55C3507D-29F2-4517-90AE-A9BB21BDC55B}.Debug|x86.Build.0 = Debug|Win32
		{55C3507D-29F2-4517-90AE-A9BB21BDC55B}.Release|x64.ActiveCfg = Release|x64
		{55C3507D-29F2-4517-90AE-A9BB21BDC55B}.Release|x64.Build.0 = Release|x64
		{55C3507D-29F2-4517-90AE-A9BB21BDC55B}.Release|x86.ActiveCfg = Release|Win32
		{55C3507D-29F2-4517-90AE-A9BB21BDC55B}.Release|x86.Build.0 = Release|Win32
		{92B1F868-D6F4-4BA6-94C2-F301592F830E}.Debug|x64.ActiveCfg = Debug|x64
		{92B1F868-D6F4-4BA6-94C2-F301592F830E}.Debug|x64.Build.0 = Debug|x64
		{92B1F868-D6F4-4BA6-94C2-F301592F830E}.Debug|x86.ActiveCfg = Debug|Win32
		{92B1F868-D6F4-4BA6-94C2-F301592F830E}.Debug|x86.Build.0 = Debug|Win32
		{92B1F868-D6F4-4BA6-94C2-F301592F830E}.Release|x64.ActiveCfg = Release|x64
		{92B1F868-D6F4-4BA6-94C2-F301592F830E}.Release|x64.Build.0 = Release|x64
		{92B1F868-D6F4-4BA6-94C2-F301592F830E}.Release|x86.ActiveCfg = Release|Win32
		{92B1F868-D6F4-4BA6-94C2-F301592F830E}.Release|x86.Build.0 = Release|Win32
		{4A4B9470-0D0F-4627-A881-B95BC78262C6}.Debug|x64.ActiveCfg = Debug|x64
		{4A4B9470-0D0F-4627-A881-B95BC78262C6}.Debug|x64.Build.0 = Debug|x64
		{4A4B9470-0D0F-4627-A881-B95BC78262C6}.Debug|x86.ActiveCfg = Debug|Win32
		{4A4B9470-0D0F-4627-A881-B95BC78262C6}.Debug|x86.Build.0 = Debug|Win32
		{4A4B9470-0D0F-4627-A881-B95BC78262C6}.Release|x64.ActiveCfg = Release|x64
		{4A4B9470-0D0F-4627-A881-B95BC78262C6}.Release|x64.Build.0 = Release|x64
		{4A4B9470-0D0F-4627-A881-B95BC78262C6}.Release|x86.ActiveCfg = Release|Win32
		{4A4B9470-0D0F-4627-A881-B95BC78262C6}.Release|x86.Build.0 = Release|Win32
		{67E74F5B-351B-41A6-BBDE-C55CD8A07B93}.Debug|x64.ActiveCfg = Debug|x64
		{67E74F5B-351B-41A6-BBDE-C55CD8A07B93}.Debug|x64.Build.0 = Debug|x64
		{67E74F5B-351B-41A6-BBDE-C55CD8A07B93}.Debug|x86.ActiveCfg = Debug|Win32
		{67E74F5B-351B-41A6-BBDE-C55CD8A07B93}.Debug|x86.Build.0 = Debug|Win32
		{67E74F5B-351B-41A6-BBDE-C55CD8A07B93}.Release|x64.ActiveCfg = Release|x64
		{67E74F5B-351B-41A6-BBDE-C55CD8A07B93}.Release|x64.Build.0 = Release|x64
		{67E74F5B-351B-41A6-BBDE-C55CD8A07B93}.Release|x86.ActiveCfg = Release|Win32
		{67E74F5B-351B-41A6-BBDE-C55CD8A07B93}.Release|x86.Build.0 = Release|Win32
		{868F99F4-6CA1-414F-AE0F-0CF84289C43C}.Debug|x64.ActiveCfg = Debug|x64
		{868F99F4-6CA1-414F-AE0F-0CF84289C43C}.Debug|x64.Build.0 = Debug|x64
		{868F99F4-6CA1-414F-AE0F-0CF84289C43C}.Debug|x86.ActiveCfg = Debug|Win32
		{868F99F4-6CA1-414F-AE0F-0CF84289C43C}.Debug|x86.Build.0 = Debug|Win32
		{868F99F4-6CA1-414F-AE0F-0CF84289C43C}.Release|x64.ActiveCfg = Release|x64
		{868F99F4-6CA1-414F-AE0F-0CF84289C43C}.Release|x64.Build.0 = Release|x64
		{868F99F4-6CA1-414F-AE0F-0CF84289C43C}.Release|x86.ActiveCfg = Release|Win32
		{868F99F4-6CA1-414F-AE0F-0CF84289C43C}.Release|x86.Build.0 = Release|Win32
		{00017486-2126-468D-B0C1-28273F59A854}.Debug|x64.ActiveCfg = Debug|x64
		{00017486-2126-468D-B0C1-28273F59A854}.Debug|x64.Build.0 = Debug|x64
		{00017486-2126-468D-B0C1-28273F59A854}.Debug|x86.ActiveCfg = Debug|Win32
		{00017486-2126-468D-B0C1-28273F59A854}.Debug|x86.Build.0 = Debug|Win32
		{00017486-2126-468D-B0C1-28273F59A854}.Release|x64.ActiveCfg = Release|x64
		{00017486-2126-468D-B0C1-28273F59A854}.Release|x64.Build.0 = Release|x64
		{00017486-2126-468D-B0C1-28273F59A854}.Release|x86.ActiveCfg = Release|Win32
		{00017486-2126-468D-B0C1-28273F59A854}.Release|x86.Build.0 = Release|Win32
		{F9D7EDE4-B08B-46F3-B408-767F9980E108}.Debug|x64.ActiveCfg = Debug|x64
		{F9D7EDE4-B08B-46F3-B408-767F9980E108}.Debug|x64.Build.0 = Debug|x64
		{F9D7EDE4-B08B-46F3-B408-767F9980E108}.Debug|x86.ActiveCfg = Debug|Win32
		{F9D7EDE4-B08B-46F3-B408-767F9980E108}.Debug|x86.Build.0 = Debug|Win32
		{F9D7EDE4-B08B-46F3-B408-767F9980E108}.Release|x64.ActiveCfg = Release|x64
		{F9D7EDE4-B08B-46F3-B408-767F9980E108}.Release|x64.Build.0 = Release|x64
		{F9D7EDE4-B08B-46F3-B408-767F9980E108}.Release|x86.ActiveCfg = Release|Win32
		{F9D7EDE4-B08B-46F3-B408-767F9980E108}.Release|x86.Build.0 = Release|Win32
		{BED9DF25-7DAE-4A9A-8B94-29F765EC995F}.Debug|x64.ActiveCfg = Debug|x64
		{BED9DF25-7DAE-4A9A-8B94-29F765EC995F}.Debug|x64.Build.0 = Debug|x64
		{BED9DF25-7DAE-4A9A-8B94-29F765EC995F}.Debug|x86.ActiveCfg = Debug|Win32
		{BED9DF25-7DAE-4A9A-8B94-29F765EC995F}.Debug|x86.Build.0 = Debug|Win32
		{BED9DF25-7DAE-4A9A-8B94-29F765EC995F}.Release|x64.ActiveCfg = Release|x64
		{BED9DF25-7DAE-4A9A-8B94-29F765EC995F}.Release|x64.Build.0 = Release|x64
		{BED9DF25-7DAE-4A9A-8B94-29F765EC995F}.Release|x86.ActiveCfg = Release|Win32
		{BED9DF25-7DAE-4A9A-8B94-29F765EC995F}.Release|x86.Build.0 = Release|Win32
		{AEC198AD-6E53-4F65-94AE-50080DB4CE75}.Debug|x64.ActiveCfg = Debug|x64
		{AEC198AD-6E53-4F65-94AE-50080DB4CE75}.Debug|x64.Build.0 = Debug|x64
		{AEC198AD-6E53-4F65-94AE-50080DB4CE75}.Debug|x86.ActiveCfg = Debug|Win32
		{AEC198AD-6E53-4F65-94AE-50080DB4CE75}.Debug|x86.Build.0 = Debug|Win32
		{AEC198AD-6E53-4F65-94AE-50080DB4CE75}.Release|x64.ActiveCfg = Release|x64
		{AEC198AD-6E53-4F65-94AE-50080DB4CE75}.Release|x64.Build.0 = Release|x64
		{AEC198AD-6E53-4F65-94AE-50080DB4CE75}.Release|x86.ActiveCfg = Release|Win32
		{AEC198AD-6E53-4F65-94AE-50080DB4CE75}.Release|x86.Build.0 = Release|Win32
		{B99F1DD9-2E91-4F7F-9E20-2034424ECDD6}.Debug|x64.ActiveCfg = Debug|x64
		{B99F1DD9-2E91-4F7F-9E20-2034424ECDD6}.Debug|x64.Build.0 = Debug|x64
		{B99F1DD9-2E91-4F7F-9E20-2034424ECDD6}.Debug|x86.ActiveCfg = Debug|Win32
		{B99F1DD9-2E91-4F7F-9E20-2034424ECDD6}.Debug|x86.Build.0 = Debug|Win32
		{B99F1DD9-2E91-4F7F-9E20-2034424ECDD6}.Release|x64.ActiveCfg = Release|x64
		{B99F1DD9-2E91-4F7F-9E20-2034424ECDD6}.Release|x64.Build.0 = Release|x64
		{B99F1DD9-2E91-4F7F-9E20-2034424ECDD6}.Release|x86.ActiveCfg = Release|Win32
		{B99F1DD9-2E91-4F7F-9E20-2034424ECDD6}.Release|x86.Build.0 = Release|Win32
		{C6A9F4D0-D2DE-4B83-934A-83FE7773C70A}.Debug|x64.ActiveCfg = Debug|x64
		{C6A9F4D0-D2DE-4B83-934A-83FE7773C70A}.Debug|x64.Build.0 = Debug|x64
		{C6A9F4D0-D2DE-4B83-934A-83FE7773C70A}.Debug|x86.ActiveCfg = Debug|Win32
		{C6A9F4D0-D2DE-4B83-934A-83FE7773C70A}.Debug|x86.Build.0 = Debug|Win32
		{C6A9F4D0-D2DE-4B83-934A-83FE7773C70A}.Release|x64.ActiveCfg = Release|x64
		{C6A9F4D0-D2DE-4B83-934A-83FE7773C70A}.Release|x64.Build.0 = Release|x64
		{C6A9F4D0-D2DE-4B83-934A-83FE7773C70A}.Release|x86.ActiveCfg = Release|Win32
		{C6A9F4D0-D2DE-4B83-934A-83FE7773C70A}.Release|x86.Build.0 = Release|Win32
		{88964787-C5C5-40B7-9196-675A838F402C}.Debug|x64.ActiveCfg = Debug|x64
		{88964787-C5C5-40B7-9196-675A838F402C}.Debug|x64.Build.0 = Debug|x64
		{88964787-C5C5-40B7-9196-675A838F402C}.Debug|x86.ActiveCfg = Debug|Win32
		{88964787-C5C5-40B7-9196-675A838F402C}.Debug|x86.Build.0 = Debug|Win32
		{88964787-C5C5-40B7-9196-675A838F402C}.Release|x64.ActiveCfg = Release|x64
		{88964787-C5C5-40B7-9196-675A838F402C}.Release|x64.Build.0 = Release|x64
		{88964787-C5C5-40B7-9196-675A838F402C}.Release|x86.ActiveCfg = Release|Win32
		{88964787-C5C5-40B7-9196-675A838F402C}.Release|x86.Build.0 = Release|Win32
		{AC6BBF9E-AC90-40C7-96A2-92707EF4C7C1}.Debug|x64.ActiveCfg = Debug|x64
		{AC6BBF9E-AC90-40C7-96A2-92707EF4C7C1}.Debug|x64.Build.0 = Debug|x64
		{AC6BBF9E-AC90-40C7-96A2-92707EF4C7C1}.Debug|x86.ActiveCfg = Debug|Win32
		{AC6BBF9E-AC90-40C7-96A2-92707EF4C7C1}.Debug|x86.Build.0 = Debug|Win32
		{AC6BBF9E-AC90-40C7-96A2-92707EF4C7C1}.Release|x64.ActiveCfg = Release|x64
		{AC6BBF9E-AC90-40C7-96A2-92707EF4C7C1}.Release|x64.Build.0 = Release|x64
		{AC6BBF9E-AC90-40C7-96A2-92707EF4C7C1}.Release|x86.ActiveCfg = Release|Win32
		{AC6BBF9E-AC90-40C7-96A2-92707EF4C7C1}.Release|x86.Build.0 = Release|Win32
		{95B2F33A-5331-4929-83D3-F08D52B13D2F}.Debug|x64.ActiveCfg = Debug|x64
		{95B2F33A-5331-4929-83D3-F08D52B13D2F}.Debug|x64.Build.0 = Debug|x64
		{95B2F33A-5331-4929-83D3-F08D52B13D2F}.Debug|x86.ActiveCfg = Debug|Win32
		{95B2F33A-5331-4929-83D3-F08D52B13D2F}.Debug|x86.Build.0 = Debug|Win32
		{95B2F33A-5331-4929-83D3-F08D52B13D2F}.Release|x64.ActiveCfg = Release|x64
		{95B2F33A-5331-4929-83D3-F08D52B13D2F}.Release|x64.Build.0 = Release|x64
		{95B2F33A-5331-4929-83D3-F08D52B13D2F}.Release|x86.ActiveCfg = Release|Win32
		{95B2F33A-5331-4929-83D3-F08D52B13D2F}.Release|x86.Build.0 = Release|Win32
		{19F29983-4C21-48F0-8D37-6558DCAF26BD}.Debug|x64.ActiveCfg = Debug|x64
		{19F29983-4C21-48F0-8D37-6558DCAF26BD}.Debug|x64.Build.0 = Debug|x64
		{19F29983-4C21-48F0-8D37-6558DCAF26BD}.Debug|x86.ActiveCfg = Debug|Win32
		{19F29983-4C21-48F0-8D37-6558DCAF26BD}.Debug|x86.Build.0 = Debug|Win32
		{19F29983-4C21-48F0-8D37-6558DCAF26BD}.Release|x64.ActiveCfg = Release|x64
		{19F29983-4C21-48F0-8D37-6558DCAF26BD}.Release|x64.Build.0 = Release|x64
		{19F29983-4C21-48F0-8D37-6558DCAF26BD}.Release|x86.ActiveCfg = Release|Win32
		{19F29983-4C21-48F0-8D37-6558DCAF26BD}.Release|x86.Build.0 = Release|Win32
		{CF2A254C-AFCD-4F0A-B117-5233AD594D6A}.Debug|x64.ActiveCfg = Debug|x64
		{CF2A254C-AFCD-4F0A-B117-5233AD594D6A}.Debug|x64.Build.0 = Debug|x64
		{CF2A254C-AFCD-4F0A-B117-5233AD594D6A}.Debug|x86.ActiveCfg = Debug|Win32
		{CF2A254C-AFCD-4F0A-B117-5233AD594D6A}.Debug|x86.Build.0 = Debug|Win32
		{CF2A254C-AFCD-4F0A-B117-5233AD594D6A}.Release|x64.ActiveCfg = Release|x64
		{CF2A254C-AFCD-4F0A-B117-5233AD594D6A}.Release|x64.Build.0 = Release|x64
		{CF2A254C-AFCD-4F0A-B117-5233AD594D6A}.Release|x86.ActiveCfg = Release|Win32
		{CF2A254C-AFCD-4F0A-B117-5233AD594D6A}.Release|x86.Build.0 = Release|Win32
		{1DE4724D-0D16-41D4-9543-7413DFF08B29}.Debug|x64.ActiveCfg = Debug|x64
		{1DE4724D-0D16-41D4-9543-7413DFF08B29}.Debug|x64.Build.0 = Debug|x64
		{1DE4724D-0D16-41D4-9543-7413DFF08B29}.Debug|x86.ActiveCfg = Debug|Win32
		{1DE4724D-0D16-41D4-9543-7413DFF08B29}.Debug|x86.Build.0 = Debug|Win32
		{1DE4724D-0D16-41D4-9543-7413DFF08B29}.Release|x64.ActiveCfg = Release|x64
		{1DE4724D-0D16-41D4-9543-7413DFF08B29}.Release|x64.Build.0 = Release|x64
		{1DE4724D-0D16-41D4-9543-7413DFF08B29}.Release|x86.ActiveCfg = Release|Win32
		{1DE4724D-0D16-41D4-9543-7413DFF08B29}.Release|x86.Build.0 = Release|Win32
		{37986510-C0E8-43EF-9BBC-2E6F94D63C8D}.Debug|x64.ActiveCfg = Debug|x64
		{37986510-C0E8-43EF-9BBC-2E6F94D63C8D}.Debug|x64.Build.0 = Debug|x64
		{37986510-C0E8-43EF-9BBC-2E6F94D63C8D}.Debug|x86.ActiveCfg = Debug|Win32
		{37986510-C0E8-43EF-9BBC-2E6F94D63C8D}.Debug|x86.Build.0 = Debug|Win32
		{37986510-C0E8-43EF-9BBC-2E6F94D63C8D}.Release|x64.ActiveCfg = Release|x64
		{37986510-C0E8-43EF-9BBC-2E6F94D63C8D}.Release|x64.Build.0 = Release|x64
		{37986510-C0E8-43EF-9BBC-2E6F94D63C8D}.Release|x86.ActiveCfg = Release|Win32
		{37986510-C0E8-43EF-9BBC-2E6F94D63C8D}.Release|x86.Build.0 = Release|Win32
		{A7505736-2DBC-44B8-8B66-505EC8397D40}.Debug|x64.ActiveCfg = Debug|x64
		{A7505736-2DBC-44B8-8B66-505EC8397D40}.Debug|x64.Build.0 = Debug|x64
		{A7505736-2DBC-44B8-8B66-505EC8397D40}.Debug|x86.ActiveCfg = Debug|Win32
		{A7505736-2DBC-44B8-8B66-505EC8397D40}.Debug|x86.Build.0 = Debug|Win32
		{A7505736-2DBC-44B8-8B66-505EC8397D40}.Release|x64.ActiveCfg = Release|x64
		{A7505736-2DBC-44B8-8B66-505EC8397D40}.Release|x64.Build.0 = Release|x64
		{A7505736-2DBC-44B8-8B66-505EC8397D40}.Release|x86.ActiveCfg = Release|Win32
		{A7505736-2DBC-44B8-8B66-505EC8397D40}.Release|x86.Build.0 = Release|Win32
		{F2CD6B76-E140-4BEC-8F0C-A34A6C7FACC9}.Debug|x64.ActiveCfg = Debug|x64
		{F2CD6B76-E140-4BEC-8F0C-A34A6C7FACC9}.Debug|x64.Build.0 = Debug|x64
		{F2CD6B76-E140-4BEC-8F0C-A34A6C7FACC9}.Debug|x86.ActiveCfg = Debug|Win32
		{F2CD6B76-E140-4BEC-8F0C-A34A6C7FACC9}.Debug|x86.Build.0 = Debug|Win32
		{F2CD6B76-E140-4BEC-8F0C-A34A6C7FACC9}.Release|x64.ActiveCfg = Release|x64
		{F2CD6B76-E140-4BEC-8F0C-A34A6C7FACC9}.Release|x64.Build.0 = Release|x64
		{F2CD6B76-E140-4BEC-8F0C-A34A6C7FACC9}.Release|x86.ActiveCfg = Release|Win32
		{F2CD6B76-E140-4BEC-8F0C-A34A6C7FACC9}.Release|x86.Build.0 = Release|Win32
		{4C3E685D-1CD6-4D17-922E-BBA85EE3E3D5}.Debug|x64.ActiveCfg = Debug|x64
		{4C3E685D-1CD6-4D17-922E-BBA85EE3E3D5}.Debug|x64.Build.0 = Debug|x64
		{4C3E685D-1CD6-4D17-922E-BBA85EE3E3D5}.Debug|x86.ActiveCfg = Debug|Win32
		{4C3E685D-1CD6-4D17-922E-BBA85EE3E3D5}.Debug|x86.Build.0 = Debug|Win32
		{4C3E685D-1CD6-4D17-922E-BBA85EE3E3D5}.Release|x64.ActiveCfg = Release|x64
		{4C3E685D-1CD6-4D17-922E-BBA85EE3E3D5}.Release|x64.Build.0 = Release|x64
		{4C3E685D-1CD6-4D17-922E-BBA85EE3E3D5}.Release|x86.ActiveCfg = Release|Win32
		{4C3E685D-1CD6-4D17-922E-BBA85EE3E3D5}.Release|x86.Build.0 = Release|Win32
		{AC62C754-C83C-4009-9AAA-2E355243FD59}.Debug|x64.ActiveCfg = Debug|x64
		{AC62C754-C83C-4009-9AAA-2E355243FD59}.Debug|x64.Build.0 = Debug|x64
		{AC62C754-C83C-4009-9AAA-2E355243FD59}.Debug|x86.ActiveCfg = Debug|Win32
		{AC62C754-C83C-4009-9AAA-2E355243FD59}.Debug|x86.Build.0 = Debug|Win32
		{AC62C754-C83C-4009-9AAA-2E355243FD59}.Release|x64.ActiveCfg = Release|x64
		{AC62C754-C83C-4009-9AAA-2E355243FD59}.Release|x64.Build.0 = Release|x64
		{AC62C754-C83C-4009-9AAA-2E355243FD59}.Release|x86.ActiveCfg = Release|Win32
		{AC62C754-C83C-4009-9AAA-2E355243FD59}.Release|x86.Build.0 = Release|Win32
	EndGlobalSection
	GlobalSection(SolutionProperties) = preSolution
		HideSolutionNode = FALSE
	EndGlobalSection
	GlobalSection(ExtensibilityGlobals) = postSolution
		SolutionGuid = {63141FD7-EA8D-4797-BA10-15FCCD2CE9DC}
	EndGlobalSection
EndGlobal
